// !$*UTF8*$!
{
	archiveVersion = 1;
	classes = {
	};
	objectVersion = 48;
	objects = {

/* Begin PBXBuildFile section */
		7E89DAD120376B8F00A81909 /* AppDelegate.swift in Sources */ = {isa = PBXBuildFile; fileRef = 7E89DAD020376B8F00A81909 /* AppDelegate.swift */; };
		7E89DAD320376B8F00A81909 /* ViewController.swift in Sources */ = {isa = PBXBuildFile; fileRef = 7E89DAD220376B8F00A81909 /* ViewController.swift */; };
		7E89DAD620376B8F00A81909 /* Main.storyboard in Resources */ = {isa = PBXBuildFile; fileRef = 7E89DAD420376B8F00A81909 /* Main.storyboard */; };
		7E89DAD820376B8F00A81909 /* Assets.xcassets in Resources */ = {isa = PBXBuildFile; fileRef = 7E89DAD720376B8F00A81909 /* Assets.xcassets */; };
		7E89DADB20376B8F00A81909 /* LaunchScreen.storyboard in Resources */ = {isa = PBXBuildFile; fileRef = 7E89DAD920376B8F00A81909 /* LaunchScreen.storyboard */; };
		7E89DAE620376B8F00A81909 /* ParseChatTests.swift in Sources */ = {isa = PBXBuildFile; fileRef = 7E89DAE520376B8F00A81909 /* ParseChatTests.swift */; };
		7E89DAF120376B8F00A81909 /* ParseChatUITests.swift in Sources */ = {isa = PBXBuildFile; fileRef = 7E89DAF020376B8F00A81909 /* ParseChatUITests.swift */; };
/* End PBXBuildFile section */

/* Begin PBXContainerItemProxy section */
		7E89DAE220376B8F00A81909 /* PBXContainerItemProxy */ = {
			isa = PBXContainerItemProxy;
			containerPortal = 7E89DAC520376B8F00A81909 /* Project object */;
			proxyType = 1;
			remoteGlobalIDString = 7E89DACC20376B8F00A81909;
			remoteInfo = ParseChat;
		};
		7E89DAED20376B8F00A81909 /* PBXContainerItemProxy */ = {
			isa = PBXContainerItemProxy;
			containerPortal = 7E89DAC520376B8F00A81909 /* Project object */;
			proxyType = 1;
			remoteGlobalIDString = 7E89DACC20376B8F00A81909;
			remoteInfo = ParseChat;
		};
/* End PBXContainerItemProxy section */

/* Begin PBXFileReference section */
		7E89DACD20376B8F00A81909 /* ParseChat.app */ = {isa = PBXFileReference; explicitFileType = wrapper.application; includeInIndex = 0; path = ParseChat.app; sourceTree = BUILT_PRODUCTS_DIR; };
		7E89DAD020376B8F00A81909 /* AppDelegate.swift */ = {isa = PBXFileReference; lastKnownFileType = sourcecode.swift; path = AppDelegate.swift; sourceTree = "<group>"; };
		7E89DAD220376B8F00A81909 /* ViewController.swift */ = {isa = PBXFileReference; lastKnownFileType = sourcecode.swift; path = ViewController.swift; sourceTree = "<group>"; };
		7E89DAD520376B8F00A81909 /* Base */ = {isa = PBXFileReference; lastKnownFileType = file.storyboard; name = Base; path = Base.lproj/Main.storyboard; sourceTree = "<group>"; };
		7E89DAD720376B8F00A81909 /* Assets.xcassets */ = {isa = PBXFileReference; lastKnownFileType = folder.assetcatalog; path = Assets.xcassets; sourceTree = "<group>"; };
		7E89DADA20376B8F00A81909 /* Base */ = {isa = PBXFileReference; lastKnownFileType = file.storyboard; name = Base; path = Base.lproj/LaunchScreen.storyboard; sourceTree = "<group>"; };
		7E89DADC20376B8F00A81909 /* Info.plist */ = {isa = PBXFileReference; lastKnownFileType = text.plist.xml; path = Info.plist; sourceTree = "<group>"; };
		7E89DAE120376B8F00A81909 /* ParseChatTests.xctest */ = {isa = PBXFileReference; explicitFileType = wrapper.cfbundle; includeInIndex = 0; path = ParseChatTests.xctest; sourceTree = BUILT_PRODUCTS_DIR; };
		7E89DAE520376B8F00A81909 /* ParseChatTests.swift */ = {isa = PBXFileReference; lastKnownFileType = sourcecode.swift; path = ParseChatTests.swift; sourceTree = "<group>"; };
		7E89DAE720376B8F00A81909 /* Info.plist */ = {isa = PBXFileReference; lastKnownFileType = text.plist.xml; path = Info.plist; sourceTree = "<group>"; };
		7E89DAEC20376B8F00A81909 /* ParseChatUITests.xctest */ = {isa = PBXFileReference; explicitFileType = wrapper.cfbundle; includeInIndex = 0; path = ParseChatUITests.xctest; sourceTree = BUILT_PRODUCTS_DIR; };
		7E89DAF020376B8F00A81909 /* ParseChatUITests.swift */ = {isa = PBXFileReference; lastKnownFileType = sourcecode.swift; path = ParseChatUITests.swift; sourceTree = "<group>"; };
		7E89DAF220376B8F00A81909 /* Info.plist */ = {isa = PBXFileReference; lastKnownFileType = text.plist.xml; path = Info.plist; sourceTree = "<group>"; };
/* End PBXFileReference section */

/* Begin PBXFrameworksBuildPhase section */
		7E89DACA20376B8F00A81909 /* Frameworks */ = {
			isa = PBXFrameworksBuildPhase;
			buildActionMask = 2147483647;
			files = (
			);
			runOnlyForDeploymentPostprocessing = 0;
		};
		7E89DADE20376B8F00A81909 /* Frameworks */ = {
			isa = PBXFrameworksBuildPhase;
			buildActionMask = 2147483647;
			files = (
			);
			runOnlyForDeploymentPostprocessing = 0;
		};
		7E89DAE920376B8F00A81909 /* Frameworks */ = {
			isa = PBXFrameworksBuildPhase;
			buildActionMask = 2147483647;
			files = (
			);
			runOnlyForDeploymentPostprocessing = 0;
		};
/* End PBXFrameworksBuildPhase section */

/* Begin PBXGroup section */
		7E89DAC420376B8F00A81909 = {
			isa = PBXGroup;
			children = (
				7E89DACF20376B8F00A81909 /* ParseChat */,
				7E89DAE420376B8F00A81909 /* ParseChatTests */,
				7E89DAEF20376B8F00A81909 /* ParseChatUITests */,
				7E89DACE20376B8F00A81909 /* Products */,
			);
			sourceTree = "<group>";
		};
		7E89DACE20376B8F00A81909 /* Products */ = {
			isa = PBXGroup;
			children = (
				7E89DACD20376B8F00A81909 /* ParseChat.app */,
				7E89DAE120376B8F00A81909 /* ParseChatTests.xctest */,
				7E89DAEC20376B8F00A81909 /* ParseChatUITests.xctest */,
			);
			name = Products;
			sourceTree = "<group>";
		};
		7E89DACF20376B8F00A81909 /* ParseChat */ = {
			isa = PBXGroup;
			children = (
				7E89DAFE20376BA700A81909 /* ViewControllers */,
				7E89DAD020376B8F00A81909 /* AppDelegate.swift */,
				7E89DAD420376B8F00A81909 /* Main.storyboard */,
				7E89DAD720376B8F00A81909 /* Assets.xcassets */,
				7E89DAD920376B8F00A81909 /* LaunchScreen.storyboard */,
				7E89DADC20376B8F00A81909 /* Info.plist */,
			);
			path = ParseChat;
			sourceTree = "<group>";
		};
		7E89DAE420376B8F00A81909 /* ParseChatTests */ = {
			isa = PBXGroup;
			children = (
				7E89DAE520376B8F00A81909 /* ParseChatTests.swift */,
				7E89DAE720376B8F00A81909 /* Info.plist */,
			);
			path = ParseChatTests;
			sourceTree = "<group>";
		};
		7E89DAEF20376B8F00A81909 /* ParseChatUITests */ = {
			isa = PBXGroup;
			children = (
				7E89DAF020376B8F00A81909 /* ParseChatUITests.swift */,
				7E89DAF220376B8F00A81909 /* Info.plist */,
			);
			path = ParseChatUITests;
			sourceTree = "<group>";
		};
		7E89DAFE20376BA700A81909 /* ViewControllers */ = {
			isa = PBXGroup;
			children = (
				7E89DAD220376B8F00A81909 /* ViewController.swift */,
			);
			path = ViewControllers;
			sourceTree = "<group>";
		};
/* End PBXGroup section */

/* Begin PBXNativeTarget section */
		7E89DACC20376B8F00A81909 /* ParseChat */ = {
			isa = PBXNativeTarget;
			buildConfigurationList = 7E89DAF520376B8F00A81909 /* Build configuration list for PBXNativeTarget "ParseChat" */;
			buildPhases = (
				7E89DAC920376B8F00A81909 /* Sources */,
				7E89DACA20376B8F00A81909 /* Frameworks */,
				7E89DACB20376B8F00A81909 /* Resources */,
			);
			buildRules = (
			);
			dependencies = (
			);
			name = ParseChat;
			productName = ParseChat;
			productReference = 7E89DACD20376B8F00A81909 /* ParseChat.app */;
			productType = "com.apple.product-type.application";
		};
		7E89DAE020376B8F00A81909 /* ParseChatTests */ = {
			isa = PBXNativeTarget;
			buildConfigurationList = 7E89DAF820376B8F00A81909 /* Build configuration list for PBXNativeTarget "ParseChatTests" */;
			buildPhases = (
				7E89DADD20376B8F00A81909 /* Sources */,
				7E89DADE20376B8F00A81909 /* Frameworks */,
				7E89DADF20376B8F00A81909 /* Resources */,
			);
			buildRules = (
			);
			dependencies = (
				7E89DAE320376B8F00A81909 /* PBXTargetDependency */,
			);
			name = ParseChatTests;
			productName = ParseChatTests;
			productReference = 7E89DAE120376B8F00A81909 /* ParseChatTests.xctest */;
			productType = "com.apple.product-type.bundle.unit-test";
		};
		7E89DAEB20376B8F00A81909 /* ParseChatUITests */ = {
			isa = PBXNativeTarget;
			buildConfigurationList = 7E89DAFB20376B8F00A81909 /* Build configuration list for PBXNativeTarget "ParseChatUITests" */;
			buildPhases = (
				7E89DAE820376B8F00A81909 /* Sources */,
				7E89DAE920376B8F00A81909 /* Frameworks */,
				7E89DAEA20376B8F00A81909 /* Resources */,
			);
			buildRules = (
			);
			dependencies = (
				7E89DAEE20376B8F00A81909 /* PBXTargetDependency */,
			);
			name = ParseChatUITests;
			productName = ParseChatUITests;
			productReference = 7E89DAEC20376B8F00A81909 /* ParseChatUITests.xctest */;
			productType = "com.apple.product-type.bundle.ui-testing";
		};
/* End PBXNativeTarget section */

/* Begin PBXProject section */
		7E89DAC520376B8F00A81909 /* Project object */ = {
			isa = PBXProject;
			attributes = {
				LastSwiftUpdateCheck = 0920;
				LastUpgradeCheck = 0920;
				ORGANIZATIONNAME = Samuel;
				TargetAttributes = {
					7E89DACC20376B8F00A81909 = {
						CreatedOnToolsVersion = 9.2;
						ProvisioningStyle = Automatic;
					};
					7E89DAE020376B8F00A81909 = {
						CreatedOnToolsVersion = 9.2;
						ProvisioningStyle = Automatic;
						TestTargetID = 7E89DACC20376B8F00A81909;
					};
					7E89DAEB20376B8F00A81909 = {
						CreatedOnToolsVersion = 9.2;
						ProvisioningStyle = Automatic;
						TestTargetID = 7E89DACC20376B8F00A81909;
					};
				};
			};
			buildConfigurationList = 7E89DAC820376B8F00A81909 /* Build configuration list for PBXProject "ParseChat" */;
			compatibilityVersion = "Xcode 8.0";
			developmentRegion = en;
			hasScannedForEncodings = 0;
			knownRegions = (
				en,
				Base,
			);
			mainGroup = 7E89DAC420376B8F00A81909;
			productRefGroup = 7E89DACE20376B8F00A81909 /* Products */;
			projectDirPath = "";
			projectRoot = "";
			targets = (
				7E89DACC20376B8F00A81909 /* ParseChat */,
				7E89DAE020376B8F00A81909 /* ParseChatTests */,
				7E89DAEB20376B8F00A81909 /* ParseChatUITests */,
			);
		};
/* End PBXProject section */

/* Begin PBXResourcesBuildPhase section */
		7E89DACB20376B8F00A81909 /* Resources */ = {
			isa = PBXResourcesBuildPhase;
			buildActionMask = 2147483647;
			files = (
				7E89DADB20376B8F00A81909 /* LaunchScreen.storyboard in Resources */,
				7E89DAD820376B8F00A81909 /* Assets.xcassets in Resources */,
				7E89DAD620376B8F00A81909 /* Main.storyboard in Resources */,
			);
			runOnlyForDeploymentPostprocessing = 0;
		};
		7E89DADF20376B8F00A81909 /* Resources */ = {
			isa = PBXResourcesBuildPhase;
			buildActionMask = 2147483647;
			files = (
			);
			runOnlyForDeploymentPostprocessing = 0;
		};
		7E89DAEA20376B8F00A81909 /* Resources */ = {
			isa = PBXResourcesBuildPhase;
			buildActionMask = 2147483647;
			files = (
			);
			runOnlyForDeploymentPostprocessing = 0;
		};
/* End PBXResourcesBuildPhase section */

/* Begin PBXSourcesBuildPhase section */
		7E89DAC920376B8F00A81909 /* Sources */ = {
			isa = PBXSourcesBuildPhase;
			buildActionMask = 2147483647;
			files = (
				7E89DAD320376B8F00A81909 /* ViewController.swift in Sources */,
				7E89DAD120376B8F00A81909 /* AppDelegate.swift in Sources */,
			);
			runOnlyForDeploymentPostprocessing = 0;
		};
		7E89DADD20376B8F00A81909 /* Sources */ = {
			isa = PBXSourcesBuildPhase;
			buildActionMask = 2147483647;
			files = (
				7E89DAE620376B8F00A81909 /* ParseChatTests.swift in Sources */,
			);
			runOnlyForDeploymentPostprocessing = 0;
		};
		7E89DAE820376B8F00A81909 /* Sources */ = {
			isa = PBXSourcesBuildPhase;
			buildActionMask = 2147483647;
			files = (
				7E89DAF120376B8F00A81909 /* ParseChatUITests.swift in Sources */,
			);
			runOnlyForDeploymentPostprocessing = 0;
		};
/* End PBXSourcesBuildPhase section */

/* Begin PBXTargetDependency section */
		7E89DAE320376B8F00A81909 /* PBXTargetDependency */ = {
			isa = PBXTargetDependency;
			target = 7E89DACC20376B8F00A81909 /* ParseChat */;
			targetProxy = 7E89DAE220376B8F00A81909 /* PBXContainerItemProxy */;
		};
		7E89DAEE20376B8F00A81909 /* PBXTargetDependency */ = {
			isa = PBXTargetDependency;
			target = 7E89DACC20376B8F00A81909 /* ParseChat */;
			targetProxy = 7E89DAED20376B8F00A81909 /* PBXContainerItemProxy */;
		};
/* End PBXTargetDependency section */

/* Begin PBXVariantGroup section */
		7E89DAD420376B8F00A81909 /* Main.storyboard */ = {
			isa = PBXVariantGroup;
			children = (
				7E89DAD520376B8F00A81909 /* Base */,
			);
			name = Main.storyboard;
			sourceTree = "<group>";
		};
		7E89DAD920376B8F00A81909 /* LaunchScreen.storyboard */ = {
			isa = PBXVariantGroup;
			children = (
				7E89DADA20376B8F00A81909 /* Base */,
			);
			name = LaunchScreen.storyboard;
			sourceTree = "<group>";
		};
/* End PBXVariantGroup section */

/* Begin XCBuildConfiguration section */
		7E89DAF320376B8F00A81909 /* Debug */ = {
			isa = XCBuildConfiguration;
			buildSettings = {
				ALWAYS_SEARCH_USER_PATHS = NO;
				CLANG_ANALYZER_NONNULL = YES;
				CLANG_ANALYZER_NUMBER_OBJECT_CONVERSION = YES_AGGRESSIVE;
				CLANG_CXX_LANGUAGE_STANDARD = "gnu++14";
				CLANG_CXX_LIBRARY = "libc++";
				CLANG_ENABLE_MODULES = YES;
				CLANG_ENABLE_OBJC_ARC = YES;
				CLANG_WARN_BLOCK_CAPTURE_AUTORELEASING = YES;
				CLANG_WARN_BOOL_CONVERSION = YES;
				CLANG_WARN_COMMA = YES;
				CLANG_WARN_CONSTANT_CONVERSION = YES;
				CLANG_WARN_DIRECT_OBJC_ISA_USAGE = YES_ERROR;
				CLANG_WARN_DOCUMENTATION_COMMENTS = YES;
				CLANG_WARN_EMPTY_BODY = YES;
				CLANG_WARN_ENUM_CONVERSION = YES;
				CLANG_WARN_INFINITE_RECURSION = YES;
				CLANG_WARN_INT_CONVERSION = YES;
				CLANG_WARN_NON_LITERAL_NULL_CONVERSION = YES;
				CLANG_WARN_OBJC_LITERAL_CONVERSION = YES;
				CLANG_WARN_OBJC_ROOT_CLASS = YES_ERROR;
				CLANG_WARN_RANGE_LOOP_ANALYSIS = YES;
				CLANG_WARN_STRICT_PROTOTYPES = YES;
				CLANG_WARN_SUSPICIOUS_MOVE = YES;
				CLANG_WARN_UNGUARDED_AVAILABILITY = YES_AGGRESSIVE;
				CLANG_WARN_UNREACHABLE_CODE = YES;
				CLANG_WARN__DUPLICATE_METHOD_MATCH = YES;
				CODE_SIGN_IDENTITY = "iPhone Developer";
				COPY_PHASE_STRIP = NO;
				DEBUG_INFORMATION_FORMAT = dwarf;
				ENABLE_STRICT_OBJC_MSGSEND = YES;
				ENABLE_TESTABILITY = YES;
				GCC_C_LANGUAGE_STANDARD = gnu11;
				GCC_DYNAMIC_NO_PIC = NO;
				GCC_NO_COMMON_BLOCKS = YES;
				GCC_OPTIMIZATION_LEVEL = 0;
				GCC_PREPROCESSOR_DEFINITIONS = (
					"DEBUG=1",
					"$(inherited)",
				);
				GCC_WARN_64_TO_32_BIT_CONVERSION = YES;
				GCC_WARN_ABOUT_RETURN_TYPE = YES_ERROR;
				GCC_WARN_UNDECLARED_SELECTOR = YES;
				GCC_WARN_UNINITIALIZED_AUTOS = YES_AGGRESSIVE;
				GCC_WARN_UNUSED_FUNCTION = YES;
				GCC_WARN_UNUSED_VARIABLE = YES;
				IPHONEOS_DEPLOYMENT_TARGET = 11.2;
				MTL_ENABLE_DEBUG_INFO = YES;
				ONLY_ACTIVE_ARCH = YES;
				SDKROOT = iphoneos;
				SWIFT_ACTIVE_COMPILATION_CONDITIONS = DEBUG;
				SWIFT_OPTIMIZATION_LEVEL = "-Onone";
			};
			name = Debug;
		};
		7E89DAF420376B8F00A81909 /* Release */ = {
			isa = XCBuildConfiguration;
			buildSettings = {
				ALWAYS_SEARCH_USER_PATHS = NO;
				CLANG_ANALYZER_NONNULL = YES;
				CLANG_ANALYZER_NUMBER_OBJECT_CONVERSION = YES_AGGRESSIVE;
				CLANG_CXX_LANGUAGE_STANDARD = "gnu++14";
				CLANG_CXX_LIBRARY = "libc++";
				CLANG_ENABLE_MODULES = YES;
				CLANG_ENABLE_OBJC_ARC = YES;
				CLANG_WARN_BLOCK_CAPTURE_AUTORELEASING = YES;
				CLANG_WARN_BOOL_CONVERSION = YES;
				CLANG_WARN_COMMA = YES;
				CLANG_WARN_CONSTANT_CONVERSION = YES;
				CLANG_WARN_DIRECT_OBJC_ISA_USAGE = YES_ERROR;
				CLANG_WARN_DOCUMENTATION_COMMENTS = YES;
				CLANG_WARN_EMPTY_BODY = YES;
				CLANG_WARN_ENUM_CONVERSION = YES;
				CLANG_WARN_INFINITE_RECURSION = YES;
				CLANG_WARN_INT_CONVERSION = YES;
				CLANG_WARN_NON_LITERAL_NULL_CONVERSION = YES;
				CLANG_WARN_OBJC_LITERAL_CONVERSION = YES;
				CLANG_WARN_OBJC_ROOT_CLASS = YES_ERROR;
				CLANG_WARN_RANGE_LOOP_ANALYSIS = YES;
				CLANG_WARN_STRICT_PROTOTYPES = YES;
				CLANG_WARN_SUSPICIOUS_MOVE = YES;
				CLANG_WARN_UNGUARDED_AVAILABILITY = YES_AGGRESSIVE;
				CLANG_WARN_UNREACHABLE_CODE = YES;
				CLANG_WARN__DUPLICATE_METHOD_MATCH = YES;
				CODE_SIGN_IDENTITY = "iPhone Developer";
				COPY_PHASE_STRIP = NO;
				DEBUG_INFORMATION_FORMAT = "dwarf-with-dsym";
				ENABLE_NS_ASSERTIONS = NO;
				ENABLE_STRICT_OBJC_MSGSEND = YES;
				GCC_C_LANGUAGE_STANDARD = gnu11;
				GCC_NO_COMMON_BLOCKS = YES;
				GCC_WARN_64_TO_32_BIT_CONVERSION = YES;
				GCC_WARN_ABOUT_RETURN_TYPE = YES_ERROR;
				GCC_WARN_UNDECLARED_SELECTOR = YES;
				GCC_WARN_UNINITIALIZED_AUTOS = YES_AGGRESSIVE;
				GCC_WARN_UNUSED_FUNCTION = YES;
				GCC_WARN_UNUSED_VARIABLE = YES;
				IPHONEOS_DEPLOYMENT_TARGET = 11.2;
				MTL_ENABLE_DEBUG_INFO = NO;
				SDKROOT = iphoneos;
				SWIFT_OPTIMIZATION_LEVEL = "-Owholemodule";
				VALIDATE_PRODUCT = YES;
			};
			name = Release;
		};
		7E89DAF620376B8F00A81909 /* Debug */ = {
			isa = XCBuildConfiguration;
			buildSettings = {
				ASSETCATALOG_COMPILER_APPICON_NAME = AppIcon;
				CODE_SIGN_STYLE = Automatic;
				DEVELOPMENT_TEAM = 85A9PC67NC;
				INFOPLIST_FILE = ParseChat/Info.plist;
				LD_RUNPATH_SEARCH_PATHS = "$(inherited) @executable_path/Frameworks";
				PRODUCT_BUNDLE_IDENTIFIER = cst495.ParseChat;
				PRODUCT_NAME = "$(TARGET_NAME)";
				SWIFT_VERSION = 4.0;
				TARGETED_DEVICE_FAMILY = "1,2";
			};
			name = Debug;
		};
		7E89DAF720376B8F00A81909 /* Release */ = {
			isa = XCBuildConfiguration;
			buildSettings = {
				ASSETCATALOG_COMPILER_APPICON_NAME = AppIcon;
				CODE_SIGN_STYLE = Automatic;
				DEVELOPMENT_TEAM = 85A9PC67NC;
				INFOPLIST_FILE = ParseChat/Info.plist;
				LD_RUNPATH_SEARCH_PATHS = "$(inherited) @executable_path/Frameworks";
				PRODUCT_BUNDLE_IDENTIFIER = cst495.ParseChat;
				PRODUCT_NAME = "$(TARGET_NAME)";
				SWIFT_VERSION = 4.0;
				TARGETED_DEVICE_FAMILY = "1,2";
			};
			name = Release;
		};
		7E89DAF920376B8F00A81909 /* Debug */ = {
			isa = XCBuildConfiguration;
			buildSettings = {
				ALWAYS_EMBED_SWIFT_STANDARD_LIBRARIES = YES;
				BUNDLE_LOADER = "$(TEST_HOST)";
				CODE_SIGN_STYLE = Automatic;
				DEVELOPMENT_TEAM = 85A9PC67NC;
				INFOPLIST_FILE = ParseChatTests/Info.plist;
				LD_RUNPATH_SEARCH_PATHS = "$(inherited) @executable_path/Frameworks @loader_path/Frameworks";
				PRODUCT_BUNDLE_IDENTIFIER = cst495.ParseChatTests;
				PRODUCT_NAME = "$(TARGET_NAME)";
				SWIFT_VERSION = 4.0;
				TARGETED_DEVICE_FAMILY = "1,2";
				TEST_HOST = "$(BUILT_PRODUCTS_DIR)/ParseChat.app/ParseChat";
			};
			name = Debug;
		};
		7E89DAFA20376B8F00A81909 /* Release */ = {
			isa = XCBuildConfiguration;
			buildSettings = {
				ALWAYS_EMBED_SWIFT_STANDARD_LIBRARIES = YES;
				BUNDLE_LOADER = "$(TEST_HOST)";
				CODE_SIGN_STYLE = Automatic;
				DEVELOPMENT_TEAM = 85A9PC67NC;
				INFOPLIST_FILE = ParseChatTests/Info.plist;
				LD_RUNPATH_SEARCH_PATHS = "$(inherited) @executable_path/Frameworks @loader_path/Frameworks";
				PRODUCT_BUNDLE_IDENTIFIER = cst495.ParseChatTests;
				PRODUCT_NAME = "$(TARGET_NAME)";
				SWIFT_VERSION = 4.0;
				TARGETED_DEVICE_FAMILY = "1,2";
				TEST_HOST = "$(BUILT_PRODUCTS_DIR)/ParseChat.app/ParseChat";
			};
			name = Release;
		};
		7E89DAFC20376B8F00A81909 /* Debug */ = {
			isa = XCBuildConfiguration;
			buildSettings = {
				ALWAYS_EMBED_SWIFT_STANDARD_LIBRARIES = YES;
				CODE_SIGN_STYLE = Automatic;
				DEVELOPMENT_TEAM = 85A9PC67NC;
				INFOPLIST_FILE = ParseChatUITests/Info.plist;
				LD_RUNPATH_SEARCH_PATHS = "$(inherited) @executable_path/Frameworks @loader_path/Frameworks";
				PRODUCT_BUNDLE_IDENTIFIER = cst495.ParseChatUITests;
				PRODUCT_NAME = "$(TARGET_NAME)";
				SWIFT_VERSION = 4.0;
				TARGETED_DEVICE_FAMILY = "1,2";
				TEST_TARGET_NAME = ParseChat;
			};
			name = Debug;
		};
		7E89DAFD20376B8F00A81909 /* Release */ = {
			isa = XCBuildConfiguration;
			buildSettings = {
				ALWAYS_EMBED_SWIFT_STANDARD_LIBRARIES = YES;
				CODE_SIGN_STYLE = Automatic;
				DEVELOPMENT_TEAM = 85A9PC67NC;
				INFOPLIST_FILE = ParseChatUITests/Info.plist;
				LD_RUNPATH_SEARCH_PATHS = "$(inherited) @executable_path/Frameworks @loader_path/Frameworks";
				PRODUCT_BUNDLE_IDENTIFIER = cst495.ParseChatUITests;
				PRODUCT_NAME = "$(TARGET_NAME)";
				SWIFT_VERSION = 4.0;
				TARGETED_DEVICE_FAMILY = "1,2";
				TEST_TARGET_NAME = ParseChat;
			};
			name = Release;
		};
/* End XCBuildConfiguration section */

/* Begin XCConfigurationList section */
		7E89DAC820376B8F00A81909 /* Build configuration list for PBXProject "ParseChat" */ = {
			isa = XCConfigurationList;
			buildConfigurations = (
				7E89DAF320376B8F00A81909 /* Debug */,
				7E89DAF420376B8F00A81909 /* Release */,
			);
			defaultConfigurationIsVisible = 0;
			defaultConfigurationName = Release;
		};
		7E89DAF520376B8F00A81909 /* Build configuration list for PBXNativeTarget "ParseChat" */ = {
			isa = XCConfigurationList;
			buildConfigurations = (
				7E89DAF620376B8F00A81909 /* Debug */,
				7E89DAF720376B8F00A81909 /* Release */,
			);
			defaultConfigurationIsVisible = 0;
			defaultConfigurationName = Release;
		};
		7E89DAF820376B8F00A81909 /* Build configuration list for PBXNativeTarget "ParseChatTests" */ = {
			isa = XCConfigurationList;
			buildConfigurations = (
				7E89DAF920376B8F00A81909 /* Debug */,
				7E89DAFA20376B8F00A81909 /* Release */,
			);
			defaultConfigurationIsVisible = 0;
			defaultConfigurationName = Release;
		};
		7E89DAFB20376B8F00A81909 /* Build configuration list for PBXNativeTarget "ParseChatUITests" */ = {
			isa = XCConfigurationList;
			buildConfigurations = (
				7E89DAFC20376B8F00A81909 /* Debug */,
				7E89DAFD20376B8F00A81909 /* Release */,
			);
			defaultConfigurationIsVisible = 0;
			defaultConfigurationName = Release;
		};
/* End XCConfigurationList section */
	};
	rootObject = 7E89DAC520376B8F00A81909 /* Project object */;
}
